// !$*UTF8*$!
{
	archiveVersion = 1;
	classes = {
	};
	objectVersion = 56;
	objects = {

/* Begin PBXBuildFile section */
		4B8059FB2CD6DC750092D9DB /* MBSigninView.swift in Sources */ = {isa = PBXBuildFile; fileRef = 4B8059FA2CD6DC750092D9DB /* MBSigninView.swift */; };
		4B8059FE2CD71D8D0092D9DB /* MBKeychain.swift in Sources */ = {isa = PBXBuildFile; fileRef = 4B8059FD2CD71D8D0092D9DB /* MBKeychain.swift */; };
		4B805A002CD7243C0092D9DB /* MBNoteCrypto.swift in Sources */ = {isa = PBXBuildFile; fileRef = 4B8059FF2CD7243C0092D9DB /* MBNoteCrypto.swift */; };
		4B805A052CD724ED0092D9DB /* MBNote.m in Sources */ = {isa = PBXBuildFile; fileRef = 4B805A022CD724ED0092D9DB /* MBNote.m */; };
		4B805A062CD724ED0092D9DB /* MBNotebook.m in Sources */ = {isa = PBXBuildFile; fileRef = 4B805A042CD724ED0092D9DB /* MBNotebook.m */; };
		4B805A092CD7CE700092D9DB /* Constants.swift in Sources */ = {isa = PBXBuildFile; fileRef = 4B805A082CD7CE700092D9DB /* Constants.swift */; };
		4B805A0B2CD7E0EF0092D9DB /* MBSettingsView.swift in Sources */ = {isa = PBXBuildFile; fileRef = 4B805A0A2CD7E0EF0092D9DB /* MBSettingsView.swift */; };
		4BA0F2DE2C80C58800FFA0CC /* StrataApp.swift in Sources */ = {isa = PBXBuildFile; fileRef = 4BA0F2DD2C80C58800FFA0CC /* StrataApp.swift */; };
		4BA0F2E02C80C58800FFA0CC /* MBMainView.swift in Sources */ = {isa = PBXBuildFile; fileRef = 4BA0F2DF2C80C58800FFA0CC /* MBMainView.swift */; };
		4BA0F2E22C80C58900FFA0CC /* Assets.xcassets in Resources */ = {isa = PBXBuildFile; fileRef = 4BA0F2E12C80C58900FFA0CC /* Assets.xcassets */; };
		4BA0F2E52C80C58900FFA0CC /* Preview Assets.xcassets in Resources */ = {isa = PBXBuildFile; fileRef = 4BA0F2E42C80C58900FFA0CC /* Preview Assets.xcassets */; };
		4BA0F2ED2C80C9F600FFA0CC /* MBWebView.swift in Sources */ = {isa = PBXBuildFile; fileRef = 4BA0F2EC2C80C9F600FFA0CC /* MBWebView.swift */; };
		4BA0F2EF2C80CE5000FFA0CC /* micro_editor.html in Resources */ = {isa = PBXBuildFile; fileRef = 4BA0F2EE2C80CE5000FFA0CC /* micro_editor.html */; };
		4BA0F2F22C80CEF700FFA0CC /* WebKit.framework in Frameworks */ = {isa = PBXBuildFile; fileRef = 4BA0F2F12C80CEF700FFA0CC /* WebKit.framework */; };
		4BA0F2F52C80D11700FFA0CC /* micro_editor.css in Resources */ = {isa = PBXBuildFile; fileRef = 4BA0F2F32C80D11700FFA0CC /* micro_editor.css */; };
		4BA0F2F62C80D11700FFA0CC /* micro_editor.js in Resources */ = {isa = PBXBuildFile; fileRef = 4BA0F2F42C80D11700FFA0CC /* micro_editor.js */; };
		4BA0F2F82C80D33D00FFA0CC /* custom.css in Resources */ = {isa = PBXBuildFile; fileRef = 4BA0F2F72C80D33D00FFA0CC /* custom.css */; };
/* End PBXBuildFile section */

/* Begin PBXFileReference section */
		4B8059FA2CD6DC750092D9DB /* MBSigninView.swift */ = {isa = PBXFileReference; lastKnownFileType = sourcecode.swift; name = MBSigninView.swift; path = Source/MBSigninView.swift; sourceTree = "<group>"; };
		4B8059FC2CD6DD9F0092D9DB /* Info.plist */ = {isa = PBXFileReference; lastKnownFileType = text.plist; path = Info.plist; sourceTree = "<group>"; };
		4B8059FD2CD71D8D0092D9DB /* MBKeychain.swift */ = {isa = PBXFileReference; lastKnownFileType = sourcecode.swift; name = MBKeychain.swift; path = Source/MBKeychain.swift; sourceTree = "<group>"; };
		4B8059FF2CD7243C0092D9DB /* MBNoteCrypto.swift */ = {isa = PBXFileReference; lastKnownFileType = sourcecode.swift; path = MBNoteCrypto.swift; sourceTree = "<group>"; };
		4B805A012CD724ED0092D9DB /* MBNote.h */ = {isa = PBXFileReference; lastKnownFileType = sourcecode.c.h; path = MBNote.h; sourceTree = "<group>"; };
		4B805A022CD724ED0092D9DB /* MBNote.m */ = {isa = PBXFileReference; lastKnownFileType = sourcecode.c.objc; path = MBNote.m; sourceTree = "<group>"; };
		4B805A032CD724ED0092D9DB /* MBNotebook.h */ = {isa = PBXFileReference; lastKnownFileType = sourcecode.c.h; path = MBNotebook.h; sourceTree = "<group>"; };
		4B805A042CD724ED0092D9DB /* MBNotebook.m */ = {isa = PBXFileReference; lastKnownFileType = sourcecode.c.objc; path = MBNotebook.m; sourceTree = "<group>"; };
		4B805A072CD724EF0092D9DB /* Strata-Bridging-Header.h */ = {isa = PBXFileReference; lastKnownFileType = sourcecode.c.h; path = "Strata-Bridging-Header.h"; sourceTree = "<group>"; };
		4B805A082CD7CE700092D9DB /* Constants.swift */ = {isa = PBXFileReference; lastKnownFileType = sourcecode.swift; name = Constants.swift; path = Source/Constants.swift; sourceTree = "<group>"; };
		4B805A0A2CD7E0EF0092D9DB /* MBSettingsView.swift */ = {isa = PBXFileReference; lastKnownFileType = sourcecode.swift; name = MBSettingsView.swift; path = Source/MBSettingsView.swift; sourceTree = "<group>"; };
		4BA0F2DA2C80C58800FFA0CC /* Strata.app */ = {isa = PBXFileReference; explicitFileType = wrapper.application; includeInIndex = 0; path = Strata.app; sourceTree = BUILT_PRODUCTS_DIR; };
		4BA0F2DD2C80C58800FFA0CC /* StrataApp.swift */ = {isa = PBXFileReference; lastKnownFileType = sourcecode.swift; path = StrataApp.swift; sourceTree = "<group>"; };
		4BA0F2DF2C80C58800FFA0CC /* MBMainView.swift */ = {isa = PBXFileReference; lastKnownFileType = sourcecode.swift; path = MBMainView.swift; sourceTree = "<group>"; };
		4BA0F2E12C80C58900FFA0CC /* Assets.xcassets */ = {isa = PBXFileReference; lastKnownFileType = folder.assetcatalog; path = Assets.xcassets; sourceTree = "<group>"; };
		4BA0F2E42C80C58900FFA0CC /* Preview Assets.xcassets */ = {isa = PBXFileReference; lastKnownFileType = folder.assetcatalog; path = "Preview Assets.xcassets"; sourceTree = "<group>"; };
		4BA0F2E62C80C58900FFA0CC /* Strata.entitlements */ = {isa = PBXFileReference; lastKnownFileType = text.plist.entitlements; path = Strata.entitlements; sourceTree = "<group>"; };
		4BA0F2EC2C80C9F600FFA0CC /* MBWebView.swift */ = {isa = PBXFileReference; lastKnownFileType = sourcecode.swift; name = MBWebView.swift; path = Source/MBWebView.swift; sourceTree = "<group>"; };
		4BA0F2EE2C80CE5000FFA0CC /* micro_editor.html */ = {isa = PBXFileReference; lastKnownFileType = text.html; name = micro_editor.html; path = Resources/micro_editor.html; sourceTree = "<group>"; };
		4BA0F2F12C80CEF700FFA0CC /* WebKit.framework */ = {isa = PBXFileReference; lastKnownFileType = wrapper.framework; name = WebKit.framework; path = System/Library/Frameworks/WebKit.framework; sourceTree = SDKROOT; };
		4BA0F2F32C80D11700FFA0CC /* micro_editor.css */ = {isa = PBXFileReference; fileEncoding = 4; lastKnownFileType = text.css; name = micro_editor.css; path = Resources/micro_editor.css; sourceTree = "<group>"; };
		4BA0F2F42C80D11700FFA0CC /* micro_editor.js */ = {isa = PBXFileReference; fileEncoding = 4; lastKnownFileType = sourcecode.javascript; name = micro_editor.js; path = Resources/micro_editor.js; sourceTree = "<group>"; };
		4BA0F2F72C80D33D00FFA0CC /* custom.css */ = {isa = PBXFileReference; fileEncoding = 4; lastKnownFileType = text.css; name = custom.css; path = Resources/custom.css; sourceTree = "<group>"; };
/* End PBXFileReference section */

/* Begin PBXFrameworksBuildPhase section */
		4BA0F2D72C80C58800FFA0CC /* Frameworks */ = {
			isa = PBXFrameworksBuildPhase;
			buildActionMask = 2147483647;
			files = (
				4BA0F2F22C80CEF700FFA0CC /* WebKit.framework in Frameworks */,
			);
			runOnlyForDeploymentPostprocessing = 0;
		};
/* End PBXFrameworksBuildPhase section */

/* Begin PBXGroup section */
		4BA0F2D12C80C58800FFA0CC = {
			isa = PBXGroup;
			children = (
				4BA0F2DC2C80C58800FFA0CC /* Strata */,
				4BA0F2DB2C80C58800FFA0CC /* Products */,
				4BA0F2F02C80CEF700FFA0CC /* Frameworks */,
			);
			sourceTree = "<group>";
		};
		4BA0F2DB2C80C58800FFA0CC /* Products */ = {
			isa = PBXGroup;
			children = (
				4BA0F2DA2C80C58800FFA0CC /* Strata.app */,
			);
			name = Products;
			sourceTree = "<group>";
		};
		4BA0F2DC2C80C58800FFA0CC /* Strata */ = {
			isa = PBXGroup;
			children = (
				4B8059FC2CD6DD9F0092D9DB /* Info.plist */,
				4B805A082CD7CE700092D9DB /* Constants.swift */,
				4BA0F2DD2C80C58800FFA0CC /* StrataApp.swift */,
				4BA0F2DF2C80C58800FFA0CC /* MBMainView.swift */,
				4B8059FA2CD6DC750092D9DB /* MBSigninView.swift */,
				4B805A0A2CD7E0EF0092D9DB /* MBSettingsView.swift */,
				4BA0F2EC2C80C9F600FFA0CC /* MBWebView.swift */,
				4B8059FD2CD71D8D0092D9DB /* MBKeychain.swift */,
				4B8059FF2CD7243C0092D9DB /* MBNoteCrypto.swift */,
				4B805A012CD724ED0092D9DB /* MBNote.h */,
				4B805A022CD724ED0092D9DB /* MBNote.m */,
				4B805A032CD724ED0092D9DB /* MBNotebook.h */,
				4B805A042CD724ED0092D9DB /* MBNotebook.m */,
				4BA0F2EE2C80CE5000FFA0CC /* micro_editor.html */,
				4BA0F2F42C80D11700FFA0CC /* micro_editor.js */,
				4BA0F2F32C80D11700FFA0CC /* micro_editor.css */,
				4BA0F2F72C80D33D00FFA0CC /* custom.css */,
				4BA0F2E12C80C58900FFA0CC /* Assets.xcassets */,
				4BA0F2E62C80C58900FFA0CC /* Strata.entitlements */,
				4BA0F2E32C80C58900FFA0CC /* Preview Content */,
				4B805A072CD724EF0092D9DB /* Strata-Bridging-Header.h */,
			);
			path = Strata;
			sourceTree = "<group>";
		};
		4BA0F2E32C80C58900FFA0CC /* Preview Content */ = {
			isa = PBXGroup;
			children = (
				4BA0F2E42C80C58900FFA0CC /* Preview Assets.xcassets */,
			);
			path = "Preview Content";
			sourceTree = "<group>";
		};
		4BA0F2F02C80CEF700FFA0CC /* Frameworks */ = {
			isa = PBXGroup;
			children = (
				4BA0F2F12C80CEF700FFA0CC /* WebKit.framework */,
			);
			name = Frameworks;
			sourceTree = "<group>";
		};
/* End PBXGroup section */

/* Begin PBXNativeTarget section */
		4BA0F2D92C80C58800FFA0CC /* Strata */ = {
			isa = PBXNativeTarget;
			buildConfigurationList = 4BA0F2E92C80C58900FFA0CC /* Build configuration list for PBXNativeTarget "Strata" */;
			buildPhases = (
				4BA0F2D62C80C58800FFA0CC /* Sources */,
				4BA0F2D72C80C58800FFA0CC /* Frameworks */,
				4BA0F2D82C80C58800FFA0CC /* Resources */,
			);
			buildRules = (
			);
			dependencies = (
			);
			name = Strata;
			productName = Strata;
			productReference = 4BA0F2DA2C80C58800FFA0CC /* Strata.app */;
			productType = "com.apple.product-type.application";
		};
/* End PBXNativeTarget section */

/* Begin PBXProject section */
		4BA0F2D22C80C58800FFA0CC /* Project object */ = {
			isa = PBXProject;
			attributes = {
				BuildIndependentTargetsInParallel = 1;
				LastSwiftUpdateCheck = 1530;
				LastUpgradeCheck = 1530;
				TargetAttributes = {
					4BA0F2D92C80C58800FFA0CC = {
						CreatedOnToolsVersion = 15.3;
						LastSwiftMigration = 1610;
					};
				};
			};
			buildConfigurationList = 4BA0F2D52C80C58800FFA0CC /* Build configuration list for PBXProject "Strata" */;
			compatibilityVersion = "Xcode 14.0";
			developmentRegion = en;
			hasScannedForEncodings = 0;
			knownRegions = (
				en,
				Base,
			);
			mainGroup = 4BA0F2D12C80C58800FFA0CC;
			productRefGroup = 4BA0F2DB2C80C58800FFA0CC /* Products */;
			projectDirPath = "";
			projectRoot = "";
			targets = (
				4BA0F2D92C80C58800FFA0CC /* Strata */,
			);
		};
/* End PBXProject section */

/* Begin PBXResourcesBuildPhase section */
		4BA0F2D82C80C58800FFA0CC /* Resources */ = {
			isa = PBXResourcesBuildPhase;
			buildActionMask = 2147483647;
			files = (
				4BA0F2F82C80D33D00FFA0CC /* custom.css in Resources */,
				4BA0F2E52C80C58900FFA0CC /* Preview Assets.xcassets in Resources */,
				4BA0F2E22C80C58900FFA0CC /* Assets.xcassets in Resources */,
				4BA0F2EF2C80CE5000FFA0CC /* micro_editor.html in Resources */,
				4BA0F2F62C80D11700FFA0CC /* micro_editor.js in Resources */,
				4BA0F2F52C80D11700FFA0CC /* micro_editor.css in Resources */,
			);
			runOnlyForDeploymentPostprocessing = 0;
		};
/* End PBXResourcesBuildPhase section */

/* Begin PBXSourcesBuildPhase section */
		4BA0F2D62C80C58800FFA0CC /* Sources */ = {
			isa = PBXSourcesBuildPhase;
			buildActionMask = 2147483647;
			files = (
				4BA0F2ED2C80C9F600FFA0CC /* MBWebView.swift in Sources */,
				4B805A052CD724ED0092D9DB /* MBNote.m in Sources */,
				4B805A062CD724ED0092D9DB /* MBNotebook.m in Sources */,
				4B805A002CD7243C0092D9DB /* MBNoteCrypto.swift in Sources */,
				4B805A0B2CD7E0EF0092D9DB /* MBSettingsView.swift in Sources */,
				4BA0F2E02C80C58800FFA0CC /* MBMainView.swift in Sources */,
				4B8059FE2CD71D8D0092D9DB /* MBKeychain.swift in Sources */,
				4BA0F2DE2C80C58800FFA0CC /* StrataApp.swift in Sources */,
				4B8059FB2CD6DC750092D9DB /* MBSigninView.swift in Sources */,
				4B805A092CD7CE700092D9DB /* Constants.swift in Sources */,
			);
			runOnlyForDeploymentPostprocessing = 0;
		};
/* End PBXSourcesBuildPhase section */

/* Begin XCBuildConfiguration section */
		4BA0F2E72C80C58900FFA0CC /* Debug */ = {
			isa = XCBuildConfiguration;
			buildSettings = {
				ALWAYS_SEARCH_USER_PATHS = NO;
				ASSETCATALOG_COMPILER_GENERATE_SWIFT_ASSET_SYMBOL_EXTENSIONS = YES;
				CLANG_ANALYZER_NONNULL = YES;
				CLANG_ANALYZER_NUMBER_OBJECT_CONVERSION = YES_AGGRESSIVE;
				CLANG_CXX_LANGUAGE_STANDARD = "gnu++20";
				CLANG_ENABLE_MODULES = YES;
				CLANG_ENABLE_OBJC_ARC = YES;
				CLANG_ENABLE_OBJC_WEAK = YES;
				CLANG_WARN_BLOCK_CAPTURE_AUTORELEASING = YES;
				CLANG_WARN_BOOL_CONVERSION = YES;
				CLANG_WARN_COMMA = YES;
				CLANG_WARN_CONSTANT_CONVERSION = YES;
				CLANG_WARN_DEPRECATED_OBJC_IMPLEMENTATIONS = YES;
				CLANG_WARN_DIRECT_OBJC_ISA_USAGE = YES_ERROR;
				CLANG_WARN_DOCUMENTATION_COMMENTS = YES;
				CLANG_WARN_EMPTY_BODY = YES;
				CLANG_WARN_ENUM_CONVERSION = YES;
				CLANG_WARN_INFINITE_RECURSION = YES;
				CLANG_WARN_INT_CONVERSION = YES;
				CLANG_WARN_NON_LITERAL_NULL_CONVERSION = YES;
				CLANG_WARN_OBJC_IMPLICIT_RETAIN_SELF = YES;
				CLANG_WARN_OBJC_LITERAL_CONVERSION = YES;
				CLANG_WARN_OBJC_ROOT_CLASS = YES_ERROR;
				CLANG_WARN_QUOTED_INCLUDE_IN_FRAMEWORK_HEADER = YES;
				CLANG_WARN_RANGE_LOOP_ANALYSIS = YES;
				CLANG_WARN_STRICT_PROTOTYPES = YES;
				CLANG_WARN_SUSPICIOUS_MOVE = YES;
				CLANG_WARN_UNGUARDED_AVAILABILITY = YES_AGGRESSIVE;
				CLANG_WARN_UNREACHABLE_CODE = YES;
				CLANG_WARN__DUPLICATE_METHOD_MATCH = YES;
				COPY_PHASE_STRIP = NO;
				DEBUG_INFORMATION_FORMAT = dwarf;
				ENABLE_STRICT_OBJC_MSGSEND = YES;
				ENABLE_TESTABILITY = YES;
				ENABLE_USER_SCRIPT_SANDBOXING = YES;
				GCC_C_LANGUAGE_STANDARD = gnu17;
				GCC_DYNAMIC_NO_PIC = NO;
				GCC_NO_COMMON_BLOCKS = YES;
				GCC_OPTIMIZATION_LEVEL = 0;
				GCC_PREPROCESSOR_DEFINITIONS = (
					"DEBUG=1",
					"$(inherited)",
				);
				GCC_WARN_64_TO_32_BIT_CONVERSION = YES;
				GCC_WARN_ABOUT_RETURN_TYPE = YES_ERROR;
				GCC_WARN_UNDECLARED_SELECTOR = YES;
				GCC_WARN_UNINITIALIZED_AUTOS = YES_AGGRESSIVE;
				GCC_WARN_UNUSED_FUNCTION = YES;
				GCC_WARN_UNUSED_VARIABLE = YES;
				LOCALIZATION_PREFERS_STRING_CATALOGS = YES;
				MACOSX_DEPLOYMENT_TARGET = 14.4;
				MTL_ENABLE_DEBUG_INFO = INCLUDE_SOURCE;
				MTL_FAST_MATH = YES;
				ONLY_ACTIVE_ARCH = YES;
				SDKROOT = macosx;
				SWIFT_ACTIVE_COMPILATION_CONDITIONS = "DEBUG $(inherited)";
				SWIFT_OPTIMIZATION_LEVEL = "-Onone";
			};
			name = Debug;
		};
		4BA0F2E82C80C58900FFA0CC /* Release */ = {
			isa = XCBuildConfiguration;
			buildSettings = {
				ALWAYS_SEARCH_USER_PATHS = NO;
				ASSETCATALOG_COMPILER_GENERATE_SWIFT_ASSET_SYMBOL_EXTENSIONS = YES;
				CLANG_ANALYZER_NONNULL = YES;
				CLANG_ANALYZER_NUMBER_OBJECT_CONVERSION = YES_AGGRESSIVE;
				CLANG_CXX_LANGUAGE_STANDARD = "gnu++20";
				CLANG_ENABLE_MODULES = YES;
				CLANG_ENABLE_OBJC_ARC = YES;
				CLANG_ENABLE_OBJC_WEAK = YES;
				CLANG_WARN_BLOCK_CAPTURE_AUTORELEASING = YES;
				CLANG_WARN_BOOL_CONVERSION = YES;
				CLANG_WARN_COMMA = YES;
				CLANG_WARN_CONSTANT_CONVERSION = YES;
				CLANG_WARN_DEPRECATED_OBJC_IMPLEMENTATIONS = YES;
				CLANG_WARN_DIRECT_OBJC_ISA_USAGE = YES_ERROR;
				CLANG_WARN_DOCUMENTATION_COMMENTS = YES;
				CLANG_WARN_EMPTY_BODY = YES;
				CLANG_WARN_ENUM_CONVERSION = YES;
				CLANG_WARN_INFINITE_RECURSION = YES;
				CLANG_WARN_INT_CONVERSION = YES;
				CLANG_WARN_NON_LITERAL_NULL_CONVERSION = YES;
				CLANG_WARN_OBJC_IMPLICIT_RETAIN_SELF = YES;
				CLANG_WARN_OBJC_LITERAL_CONVERSION = YES;
				CLANG_WARN_OBJC_ROOT_CLASS = YES_ERROR;
				CLANG_WARN_QUOTED_INCLUDE_IN_FRAMEWORK_HEADER = YES;
				CLANG_WARN_RANGE_LOOP_ANALYSIS = YES;
				CLANG_WARN_STRICT_PROTOTYPES = YES;
				CLANG_WARN_SUSPICIOUS_MOVE = YES;
				CLANG_WARN_UNGUARDED_AVAILABILITY = YES_AGGRESSIVE;
				CLANG_WARN_UNREACHABLE_CODE = YES;
				CLANG_WARN__DUPLICATE_METHOD_MATCH = YES;
				COPY_PHASE_STRIP = NO;
				DEBUG_INFORMATION_FORMAT = "dwarf-with-dsym";
				ENABLE_NS_ASSERTIONS = NO;
				ENABLE_STRICT_OBJC_MSGSEND = YES;
				ENABLE_USER_SCRIPT_SANDBOXING = YES;
				GCC_C_LANGUAGE_STANDARD = gnu17;
				GCC_NO_COMMON_BLOCKS = YES;
				GCC_WARN_64_TO_32_BIT_CONVERSION = YES;
				GCC_WARN_ABOUT_RETURN_TYPE = YES_ERROR;
				GCC_WARN_UNDECLARED_SELECTOR = YES;
				GCC_WARN_UNINITIALIZED_AUTOS = YES_AGGRESSIVE;
				GCC_WARN_UNUSED_FUNCTION = YES;
				GCC_WARN_UNUSED_VARIABLE = YES;
				LOCALIZATION_PREFERS_STRING_CATALOGS = YES;
				MACOSX_DEPLOYMENT_TARGET = 14.4;
				MTL_ENABLE_DEBUG_INFO = NO;
				MTL_FAST_MATH = YES;
				SDKROOT = macosx;
				SWIFT_COMPILATION_MODE = wholemodule;
			};
			name = Release;
		};
		4BA0F2EA2C80C58900FFA0CC /* Debug */ = {
			isa = XCBuildConfiguration;
			buildSettings = {
				ASSETCATALOG_COMPILER_APPICON_NAME = AppIcon;
				ASSETCATALOG_COMPILER_GLOBAL_ACCENT_COLOR_NAME = AccentColor;
				CLANG_ENABLE_MODULES = YES;
				CODE_SIGN_ENTITLEMENTS = Strata/Strata.entitlements;
				CODE_SIGN_STYLE = Automatic;
				COMBINE_HIDPI_IMAGES = YES;
				CURRENT_PROJECT_VERSION = 1;
				DEVELOPMENT_ASSET_PATHS = "\"Strata/Preview Content\"";
				DEVELOPMENT_TEAM = 3F9MDJ6K4E;
				ENABLE_HARDENED_RUNTIME = YES;
				ENABLE_PREVIEWS = YES;
				GENERATE_INFOPLIST_FILE = YES;
				INFOPLIST_FILE = Strata/Info.plist;
				INFOPLIST_KEY_NSHumanReadableCopyright = "";
				LD_RUNPATH_SEARCH_PATHS = (
					"$(inherited)",
					"@executable_path/../Frameworks",
				);
				MARKETING_VERSION = 1.0;
				PRODUCT_BUNDLE_IDENTIFIER = blog.micro.Strata;
				PRODUCT_NAME = "$(TARGET_NAME)";
				SWIFT_EMIT_LOC_STRINGS = YES;
				SWIFT_OBJC_BRIDGING_HEADER = "Strata/Strata-Bridging-Header.h";
				SWIFT_OPTIMIZATION_LEVEL = "-Onone";
				SWIFT_VERSION = 5.0;
			};
			name = Debug;
		};
		4BA0F2EB2C80C58900FFA0CC /* Release */ = {
			isa = XCBuildConfiguration;
			buildSettings = {
				ASSETCATALOG_COMPILER_APPICON_NAME = AppIcon;
				ASSETCATALOG_COMPILER_GLOBAL_ACCENT_COLOR_NAME = AccentColor;
				CLANG_ENABLE_MODULES = YES;
				CODE_SIGN_ENTITLEMENTS = Strata/Strata.entitlements;
				CODE_SIGN_STYLE = Automatic;
				COMBINE_HIDPI_IMAGES = YES;
				CURRENT_PROJECT_VERSION = 1;
				DEVELOPMENT_ASSET_PATHS = "\"Strata/Preview Content\"";
				DEVELOPMENT_TEAM = 3F9MDJ6K4E;
				ENABLE_HARDENED_RUNTIME = YES;
				ENABLE_PREVIEWS = YES;
				GENERATE_INFOPLIST_FILE = YES;
				INFOPLIST_FILE = Strata/Info.plist;
				INFOPLIST_KEY_NSHumanReadableCopyright = "";
				LD_RUNPATH_SEARCH_PATHS = (
					"$(inherited)",
					"@executable_path/../Frameworks",
				);
				MARKETING_VERSION = 1.0;
				PRODUCT_BUNDLE_IDENTIFIER = blog.micro.Strata;
				PRODUCT_NAME = "$(TARGET_NAME)";
				SWIFT_EMIT_LOC_STRINGS = YES;
				SWIFT_OBJC_BRIDGING_HEADER = "Strata/Strata-Bridging-Header.h";
				SWIFT_VERSION = 5.0;
			};
			name = Release;
		};
/* End XCBuildConfiguration section */

/* Begin XCConfigurationList section */
		4BA0F2D52C80C58800FFA0CC /* Build configuration list for PBXProject "Strata" */ = {
			isa = XCConfigurationList;
			buildConfigurations = (
				4BA0F2E72C80C58900FFA0CC /* Debug */,
				4BA0F2E82C80C58900FFA0CC /* Release */,
			);
			defaultConfigurationIsVisible = 0;
			defaultConfigurationName = Release;
		};
		4BA0F2E92C80C58900FFA0CC /* Build configuration list for PBXNativeTarget "Strata" */ = {
			isa = XCConfigurationList;
			buildConfigurations = (
				4BA0F2EA2C80C58900FFA0CC /* Debug */,
				4BA0F2EB2C80C58900FFA0CC /* Release */,
			);
			defaultConfigurationIsVisible = 0;
			defaultConfigurationName = Release;
		};
/* End XCConfigurationList section */
	};
	rootObject = 4BA0F2D22C80C58800FFA0CC /* Project object */;
}
